{
  "name": "award-rhwp-render",
  "version": "1.0.0",
  "lockfileVersion": 3,
  "requires": true,
  "packages": {
    "": {
      "name": "award-rhwp-render",
      "version": "1.0.0",
      "dependencies": {
        "@rhwp/core": "0.7.13"
      }
    },
    "node_modules/@rhwp/core": {
      "version": "0.7.13",
      "resolved": "https://registry.npmjs.org/@rhwp/core/-/core-0.7.13.tgz",
      "integrity": "sha512-IrAubU8/gfFJwXEdTrq/zgfO50uKEuo3p/m4FkcwS7QYFMS94bAHhrBr3mxPsFv5rwqiskI68pJjqaS9K/be1A==",
      "license": "MIT"
    }
  }
}
